
Microsoft Visual Studio Solution File, Format Version 12.00
# Visual Studio Version 16
VisualStudioVersion = 16.0.28803.352
MinimumVisualStudioVersion = 10.0.40219.1
Project("{FAE04EC0-301F-11D3-BF4B-00C04F79EFBC}") = "FileEncryptorWithPython", "FileEncryptorWithPython\FileEncryptorWithPython.csproj", "{7F2740FA-96F5-471F-847E-1E7E976E64F0}"
EndProject
Global
	GlobalSection(SolutionConfigurationPlatforms) = preSolution
		Debug|Any CPU = Debug|Any CPU
		Release|Any CPU = Release|Any CPU
	EndGlobalSection
	GlobalSection(ProjectConfigurationPlatforms) = postSolution
		{7F2740FA-96F5-471F-847E-1E7E976E64F0}.Debug|Any CPU.ActiveCfg = Debug|Any CPU
		{7F2740FA-96F5-471F-847E-1E7E976E64F0}.Debug|Any CPU.Build.0 = Debug|Any CPU
		{7F2740FA-96F5-471F-847E-1E7E976E64F0}.Release|Any CPU.ActiveCfg = Release|Any CPU
		{7F2740FA-96F5-471F-847E-1E7E976E64F0}.Release|Any CPU.Build.0 = Release|Any CPU
	EndGlobalSection
	GlobalSection(SolutionProperties) = preSolution
		HideSolutionNode = FALSE
	EndGlobalSection
	GlobalSection(ExtensibilityGlobals) = postSolution
		SolutionGuid = {A8422228-F146-433B-A47E-562682D11A74}
	EndGlobalSection
EndGlobal
